
Microsoft Visual Studio Solution File, Format Version 12.00
# Visual Studio Version 16
VisualStudioVersion = 16.0.30413.136
MinimumVisualStudioVersion = 10.0.40219.1
Project("{FAE04EC0-301F-11D3-BF4B-00C04F79EFBC}") = "SPAutoma", "SPAutoma\SPAutoma.csproj", "{AF48083D-A670-4854-9DBC-96852BB9FAE8}"
EndProject
Global
	GlobalSection(SolutionConfigurationPlatforms) = preSolution
		Debug|Any CPU = Debug|Any CPU
		Release|Any CPU = Release|Any CPU
	EndGlobalSection
	GlobalSection(ProjectConfigurationPlatforms) = postSolution
		{AF48083D-A670-4854-9DBC-96852BB9FAE8}.Debug|Any CPU.ActiveCfg = Debug|Any CPU
		{AF48083D-A670-4854-9DBC-96852BB9FAE8}.Debug|Any CPU.Build.0 = Debug|Any CPU
		{AF48083D-A670-4854-9DBC-96852BB9FAE8}.Release|Any CPU.ActiveCfg = Release|Any CPU
		{AF48083D-A670-4854-9DBC-96852BB9FAE8}.Release|Any CPU.Build.0 = Release|Any CPU
	EndGlobalSection
	GlobalSection(SolutionProperties) = preSolution
		HideSolutionNode = FALSE
	EndGlobalSection
	GlobalSection(ExtensibilityGlobals) = postSolution
		SolutionGuid = {3E7DB043-AC56-40EE-9ACA-ACA97B0FE441}
	EndGlobalSection
EndGlobal
